
Microsoft Visual Studio Solution File, Format Version 12.00
# Visual Studio Version 16
VisualStudioVersion = 16.0.29409.12
MinimumVisualStudioVersion = 10.0.40219.1
Project("{FAE04EC0-301F-11D3-BF4B-00C04F79EFBC}") = "carpim.toplam", "carpim.toplam\carpim.toplam.csproj", "{6855F9F5-A1AF-471B-9730-0257C8F5C6B9}"
EndProject
Global
	GlobalSection(SolutionConfigurationPlatforms) = preSolution
		Debug|Any CPU = Debug|Any CPU
		Release|Any CPU = Release|Any CPU
	EndGlobalSection
	GlobalSection(ProjectConfigurationPlatforms) = postSolution
		{6855F9F5-A1AF-471B-9730-0257C8F5C6B9}.Debug|Any CPU.ActiveCfg = Debug|Any CPU
		{6855F9F5-A1AF-471B-9730-0257C8F5C6B9}.Debug|Any CPU.Build.0 = Debug|Any CPU
		{6855F9F5-A1AF-471B-9730-0257C8F5C6B9}.Release|Any CPU.ActiveCfg = Release|Any CPU
		{6855F9F5-A1AF-471B-9730-0257C8F5C6B9}.Release|Any CPU.Build.0 = Release|Any CPU
	EndGlobalSection
	GlobalSection(SolutionProperties) = preSolution
		HideSolutionNode = FALSE
	EndGlobalSection
	GlobalSection(ExtensibilityGlobals) = postSolution
		SolutionGuid = {27789FC8-3489-45DC-BB41-9E8D777404B5}
	EndGlobalSection
EndGlobal
