
Microsoft Visual Studio Solution File, Format Version 12.00
# Visual Studio Version 16
VisualStudioVersion = 16.0.29201.188
MinimumVisualStudioVersion = 10.0.40219.1
Project("{FAE04EC0-301F-11D3-BF4B-00C04F79EFBC}") = "PDF", "PDF\PDF.csproj", "{7C1A0A09-D5C8-4BD4-BDC0-9BB69D9DDFE3}"
EndProject
Global
	GlobalSection(SolutionConfigurationPlatforms) = preSolution
		Debug|Any CPU = Debug|Any CPU
		Release|Any CPU = Release|Any CPU
	EndGlobalSection
	GlobalSection(ProjectConfigurationPlatforms) = postSolution
		{7C1A0A09-D5C8-4BD4-BDC0-9BB69D9DDFE3}.Debug|Any CPU.ActiveCfg = Debug|Any CPU
		{7C1A0A09-D5C8-4BD4-BDC0-9BB69D9DDFE3}.Debug|Any CPU.Build.0 = Debug|Any CPU
		{7C1A0A09-D5C8-4BD4-BDC0-9BB69D9DDFE3}.Release|Any CPU.ActiveCfg = Release|Any CPU
		{7C1A0A09-D5C8-4BD4-BDC0-9BB69D9DDFE3}.Release|Any CPU.Build.0 = Release|Any CPU
	EndGlobalSection
	GlobalSection(SolutionProperties) = preSolution
		HideSolutionNode = FALSE
	EndGlobalSection
	GlobalSection(ExtensibilityGlobals) = postSolution
		SolutionGuid = {822C78EB-F47B-4AE9-B655-7868DFD5834E}
	EndGlobalSection
EndGlobal
