
Microsoft Visual Studio Solution File, Format Version 12.00
# Visual Studio Version 16
VisualStudioVersion = 16.0.29025.244
MinimumVisualStudioVersion = 10.0.40219.1
Project("{FAE04EC0-301F-11D3-BF4B-00C04F79EFBC}") = "operatorler__2", "operatorler__2\operatorler__2.csproj", "{7F128B14-89D5-4E48-A05F-584556243ED0}"
EndProject
Global
	GlobalSection(SolutionConfigurationPlatforms) = preSolution
		Debug|Any CPU = Debug|Any CPU
		Release|Any CPU = Release|Any CPU
	EndGlobalSection
	GlobalSection(ProjectConfigurationPlatforms) = postSolution
		{7F128B14-89D5-4E48-A05F-584556243ED0}.Debug|Any CPU.ActiveCfg = Debug|Any CPU
		{7F128B14-89D5-4E48-A05F-584556243ED0}.Debug|Any CPU.Build.0 = Debug|Any CPU
		{7F128B14-89D5-4E48-A05F-584556243ED0}.Release|Any CPU.ActiveCfg = Release|Any CPU
		{7F128B14-89D5-4E48-A05F-584556243ED0}.Release|Any CPU.Build.0 = Release|Any CPU
	EndGlobalSection
	GlobalSection(SolutionProperties) = preSolution
		HideSolutionNode = FALSE
	EndGlobalSection
	GlobalSection(ExtensibilityGlobals) = postSolution
		SolutionGuid = {5BA3349D-B93C-49D0-A9F8-13858F906EC9}
	EndGlobalSection
EndGlobal
