
Microsoft Visual Studio Solution File, Format Version 12.00
# Visual Studio Version 16
VisualStudioVersion = 16.0.29025.244
MinimumVisualStudioVersion = 10.0.40219.1
Project("{FAE04EC0-301F-11D3-BF4B-00C04F79EFBC}") = "dizielemanları_listele", "dizielemanları_listele\dizielemanları_listele.csproj", "{D078113E-06B2-46CA-8D4C-0BA7D6BA609F}"
EndProject
Global
	GlobalSection(SolutionConfigurationPlatforms) = preSolution
		Debug|Any CPU = Debug|Any CPU
		Release|Any CPU = Release|Any CPU
	EndGlobalSection
	GlobalSection(ProjectConfigurationPlatforms) = postSolution
		{D078113E-06B2-46CA-8D4C-0BA7D6BA609F}.Debug|Any CPU.ActiveCfg = Debug|Any CPU
		{D078113E-06B2-46CA-8D4C-0BA7D6BA609F}.Debug|Any CPU.Build.0 = Debug|Any CPU
		{D078113E-06B2-46CA-8D4C-0BA7D6BA609F}.Release|Any CPU.ActiveCfg = Release|Any CPU
		{D078113E-06B2-46CA-8D4C-0BA7D6BA609F}.Release|Any CPU.Build.0 = Release|Any CPU
	EndGlobalSection
	GlobalSection(SolutionProperties) = preSolution
		HideSolutionNode = FALSE
	EndGlobalSection
	GlobalSection(ExtensibilityGlobals) = postSolution
		SolutionGuid = {89256F2E-9473-41DA-8CBD-814A98432EB3}
	EndGlobalSection
EndGlobal
