
Microsoft Visual Studio Solution File, Format Version 12.00
# Visual Studio Version 16
VisualStudioVersion = 16.0.29201.188
MinimumVisualStudioVersion = 10.0.40219.1
Project("{FAE04EC0-301F-11D3-BF4B-00C04F79EFBC}") = "exception__", "exception__\exception__.csproj", "{D6282102-FCA7-48A5-B6E2-E8AD0EBE3146}"
EndProject
Global
	GlobalSection(SolutionConfigurationPlatforms) = preSolution
		Debug|Any CPU = Debug|Any CPU
		Release|Any CPU = Release|Any CPU
	EndGlobalSection
	GlobalSection(ProjectConfigurationPlatforms) = postSolution
		{D6282102-FCA7-48A5-B6E2-E8AD0EBE3146}.Debug|Any CPU.ActiveCfg = Debug|Any CPU
		{D6282102-FCA7-48A5-B6E2-E8AD0EBE3146}.Debug|Any CPU.Build.0 = Debug|Any CPU
		{D6282102-FCA7-48A5-B6E2-E8AD0EBE3146}.Release|Any CPU.ActiveCfg = Release|Any CPU
		{D6282102-FCA7-48A5-B6E2-E8AD0EBE3146}.Release|Any CPU.Build.0 = Release|Any CPU
	EndGlobalSection
	GlobalSection(SolutionProperties) = preSolution
		HideSolutionNode = FALSE
	EndGlobalSection
	GlobalSection(ExtensibilityGlobals) = postSolution
		SolutionGuid = {E59D119E-6BDA-4649-9BA0-3477A27A5B69}
	EndGlobalSection
EndGlobal
