
Microsoft Visual Studio Solution File, Format Version 12.00
# Visual Studio Version 16
VisualStudioVersion = 16.0.29201.188
MinimumVisualStudioVersion = 10.0.40219.1
Project("{FAE04EC0-301F-11D3-BF4B-00C04F79EFBC}") = "Dosya_Klasör", "Dosya_Klasör\Dosya_Klasör.csproj", "{6FFAD8EA-D4F9-4243-8513-D59215A63508}"
EndProject
Global
	GlobalSection(SolutionConfigurationPlatforms) = preSolution
		Debug|Any CPU = Debug|Any CPU
		Release|Any CPU = Release|Any CPU
	EndGlobalSection
	GlobalSection(ProjectConfigurationPlatforms) = postSolution
		{6FFAD8EA-D4F9-4243-8513-D59215A63508}.Debug|Any CPU.ActiveCfg = Debug|Any CPU
		{6FFAD8EA-D4F9-4243-8513-D59215A63508}.Debug|Any CPU.Build.0 = Debug|Any CPU
		{6FFAD8EA-D4F9-4243-8513-D59215A63508}.Release|Any CPU.ActiveCfg = Release|Any CPU
		{6FFAD8EA-D4F9-4243-8513-D59215A63508}.Release|Any CPU.Build.0 = Release|Any CPU
	EndGlobalSection
	GlobalSection(SolutionProperties) = preSolution
		HideSolutionNode = FALSE
	EndGlobalSection
	GlobalSection(ExtensibilityGlobals) = postSolution
		SolutionGuid = {8C2D4000-1F2E-407F-81FC-E8ABE189E39A}
	EndGlobalSection
EndGlobal
