
Microsoft Visual Studio Solution File, Format Version 12.00
# Visual Studio Version 16
VisualStudioVersion = 16.0.29409.12
MinimumVisualStudioVersion = 10.0.40219.1
Project("{FAE04EC0-301F-11D3-BF4B-00C04F79EFBC}") = "onsayininortalamasi", "onsayininortalamasi\onsayininortalamasi.csproj", "{9C71E790-582D-49E0-830A-7193531985F3}"
EndProject
Global
	GlobalSection(SolutionConfigurationPlatforms) = preSolution
		Debug|Any CPU = Debug|Any CPU
		Release|Any CPU = Release|Any CPU
	EndGlobalSection
	GlobalSection(ProjectConfigurationPlatforms) = postSolution
		{9C71E790-582D-49E0-830A-7193531985F3}.Debug|Any CPU.ActiveCfg = Debug|Any CPU
		{9C71E790-582D-49E0-830A-7193531985F3}.Debug|Any CPU.Build.0 = Debug|Any CPU
		{9C71E790-582D-49E0-830A-7193531985F3}.Release|Any CPU.ActiveCfg = Release|Any CPU
		{9C71E790-582D-49E0-830A-7193531985F3}.Release|Any CPU.Build.0 = Release|Any CPU
	EndGlobalSection
	GlobalSection(SolutionProperties) = preSolution
		HideSolutionNode = FALSE
	EndGlobalSection
	GlobalSection(ExtensibilityGlobals) = postSolution
		SolutionGuid = {E82A07BD-35D3-4D09-89B4-E865D610EA08}
	EndGlobalSection
EndGlobal
