
Microsoft Visual Studio Solution File, Format Version 12.00
# Visual Studio Version 16
VisualStudioVersion = 16.0.29025.244
MinimumVisualStudioVersion = 10.0.40219.1
Project("{FAE04EC0-301F-11D3-BF4B-00C04F79EFBC}") = "point_yapısı", "point_yapısı\point_yapısı.csproj", "{14AEB53A-1962-4D92-9E85-FA21EBEF7994}"
EndProject
Global
	GlobalSection(SolutionConfigurationPlatforms) = preSolution
		Debug|Any CPU = Debug|Any CPU
		Release|Any CPU = Release|Any CPU
	EndGlobalSection
	GlobalSection(ProjectConfigurationPlatforms) = postSolution
		{14AEB53A-1962-4D92-9E85-FA21EBEF7994}.Debug|Any CPU.ActiveCfg = Debug|Any CPU
		{14AEB53A-1962-4D92-9E85-FA21EBEF7994}.Debug|Any CPU.Build.0 = Debug|Any CPU
		{14AEB53A-1962-4D92-9E85-FA21EBEF7994}.Release|Any CPU.ActiveCfg = Release|Any CPU
		{14AEB53A-1962-4D92-9E85-FA21EBEF7994}.Release|Any CPU.Build.0 = Release|Any CPU
	EndGlobalSection
	GlobalSection(SolutionProperties) = preSolution
		HideSolutionNode = FALSE
	EndGlobalSection
	GlobalSection(ExtensibilityGlobals) = postSolution
		SolutionGuid = {D107A700-A954-4289-9722-CAE677035B78}
	EndGlobalSection
EndGlobal
