
Microsoft Visual Studio Solution File, Format Version 12.00
# Visual Studio Version 16
VisualStudioVersion = 16.0.29025.244
MinimumVisualStudioVersion = 10.0.40219.1
Project("{FAE04EC0-301F-11D3-BF4B-00C04F79EFBC}") = "donguler__2", "donguler__2\donguler__2.csproj", "{A8B5CE02-EE2E-463B-9A56-34AF21515443}"
EndProject
Global
	GlobalSection(SolutionConfigurationPlatforms) = preSolution
		Debug|Any CPU = Debug|Any CPU
		Release|Any CPU = Release|Any CPU
	EndGlobalSection
	GlobalSection(ProjectConfigurationPlatforms) = postSolution
		{A8B5CE02-EE2E-463B-9A56-34AF21515443}.Debug|Any CPU.ActiveCfg = Debug|Any CPU
		{A8B5CE02-EE2E-463B-9A56-34AF21515443}.Debug|Any CPU.Build.0 = Debug|Any CPU
		{A8B5CE02-EE2E-463B-9A56-34AF21515443}.Release|Any CPU.ActiveCfg = Release|Any CPU
		{A8B5CE02-EE2E-463B-9A56-34AF21515443}.Release|Any CPU.Build.0 = Release|Any CPU
	EndGlobalSection
	GlobalSection(SolutionProperties) = preSolution
		HideSolutionNode = FALSE
	EndGlobalSection
	GlobalSection(ExtensibilityGlobals) = postSolution
		SolutionGuid = {2A3E60EB-1C60-4EE9-9DCE-D971267A90D3}
	EndGlobalSection
EndGlobal
