
Microsoft Visual Studio Solution File, Format Version 12.00
# Visual Studio Version 16
VisualStudioVersion = 16.0.29025.244
MinimumVisualStudioVersion = 10.0.40219.1
Project("{FAE04EC0-301F-11D3-BF4B-00C04F79EFBC}") = "progressbar_", "progressbar_\progressbar_.csproj", "{20450ED8-89FE-44A0-A8A0-72D957181383}"
EndProject
Global
	GlobalSection(SolutionConfigurationPlatforms) = preSolution
		Debug|Any CPU = Debug|Any CPU
		Release|Any CPU = Release|Any CPU
	EndGlobalSection
	GlobalSection(ProjectConfigurationPlatforms) = postSolution
		{20450ED8-89FE-44A0-A8A0-72D957181383}.Debug|Any CPU.ActiveCfg = Debug|Any CPU
		{20450ED8-89FE-44A0-A8A0-72D957181383}.Debug|Any CPU.Build.0 = Debug|Any CPU
		{20450ED8-89FE-44A0-A8A0-72D957181383}.Release|Any CPU.ActiveCfg = Release|Any CPU
		{20450ED8-89FE-44A0-A8A0-72D957181383}.Release|Any CPU.Build.0 = Release|Any CPU
	EndGlobalSection
	GlobalSection(SolutionProperties) = preSolution
		HideSolutionNode = FALSE
	EndGlobalSection
	GlobalSection(ExtensibilityGlobals) = postSolution
		SolutionGuid = {E87934B0-59C6-4D9E-9640-47D903B3541F}
	EndGlobalSection
EndGlobal
