
Microsoft Visual Studio Solution File, Format Version 12.00
# Visual Studio Version 16
VisualStudioVersion = 16.0.29025.244
MinimumVisualStudioVersion = 10.0.40219.1
Project("{FAE04EC0-301F-11D3-BF4B-00C04F79EFBC}") = "pasta_pişirme_süreç", "pasta_pişirme_süreç\pasta_pişirme_süreç.csproj", "{E8C71E25-5D0C-4225-874B-8B2D16BD83DF}"
EndProject
Global
	GlobalSection(SolutionConfigurationPlatforms) = preSolution
		Debug|Any CPU = Debug|Any CPU
		Release|Any CPU = Release|Any CPU
	EndGlobalSection
	GlobalSection(ProjectConfigurationPlatforms) = postSolution
		{E8C71E25-5D0C-4225-874B-8B2D16BD83DF}.Debug|Any CPU.ActiveCfg = Debug|Any CPU
		{E8C71E25-5D0C-4225-874B-8B2D16BD83DF}.Debug|Any CPU.Build.0 = Debug|Any CPU
		{E8C71E25-5D0C-4225-874B-8B2D16BD83DF}.Release|Any CPU.ActiveCfg = Release|Any CPU
		{E8C71E25-5D0C-4225-874B-8B2D16BD83DF}.Release|Any CPU.Build.0 = Release|Any CPU
	EndGlobalSection
	GlobalSection(SolutionProperties) = preSolution
		HideSolutionNode = FALSE
	EndGlobalSection
	GlobalSection(ExtensibilityGlobals) = postSolution
		SolutionGuid = {3660B55A-1130-4F41-A715-697954E17B1D}
	EndGlobalSection
EndGlobal
