
Microsoft Visual Studio Solution File, Format Version 12.00
# Visual Studio Version 16
VisualStudioVersion = 16.0.29409.12
MinimumVisualStudioVersion = 10.0.40219.1
Project("{FAE04EC0-301F-11D3-BF4B-00C04F79EFBC}") = "girisekrani1", "girisekrani1\girisekrani1.csproj", "{6210E75B-BD01-4497-A482-305B92CD4A97}"
EndProject
Global
	GlobalSection(SolutionConfigurationPlatforms) = preSolution
		Debug|Any CPU = Debug|Any CPU
		Release|Any CPU = Release|Any CPU
	EndGlobalSection
	GlobalSection(ProjectConfigurationPlatforms) = postSolution
		{6210E75B-BD01-4497-A482-305B92CD4A97}.Debug|Any CPU.ActiveCfg = Debug|Any CPU
		{6210E75B-BD01-4497-A482-305B92CD4A97}.Debug|Any CPU.Build.0 = Debug|Any CPU
		{6210E75B-BD01-4497-A482-305B92CD4A97}.Release|Any CPU.ActiveCfg = Release|Any CPU
		{6210E75B-BD01-4497-A482-305B92CD4A97}.Release|Any CPU.Build.0 = Release|Any CPU
	EndGlobalSection
	GlobalSection(SolutionProperties) = preSolution
		HideSolutionNode = FALSE
	EndGlobalSection
	GlobalSection(ExtensibilityGlobals) = postSolution
		SolutionGuid = {9147A32F-0909-46A9-A216-2546F2D0C258}
	EndGlobalSection
EndGlobal
