
Microsoft Visual Studio Solution File, Format Version 12.00
# Visual Studio Version 16
VisualStudioVersion = 16.0.29025.244
MinimumVisualStudioVersion = 10.0.40219.1
Project("{FAE04EC0-301F-11D3-BF4B-00C04F79EFBC}") = "dizi__", "dizi__\dizi__.csproj", "{A90647B2-2520-40CE-8EFB-14A1D6790480}"
EndProject
Global
	GlobalSection(SolutionConfigurationPlatforms) = preSolution
		Debug|Any CPU = Debug|Any CPU
		Release|Any CPU = Release|Any CPU
	EndGlobalSection
	GlobalSection(ProjectConfigurationPlatforms) = postSolution
		{A90647B2-2520-40CE-8EFB-14A1D6790480}.Debug|Any CPU.ActiveCfg = Debug|Any CPU
		{A90647B2-2520-40CE-8EFB-14A1D6790480}.Debug|Any CPU.Build.0 = Debug|Any CPU
		{A90647B2-2520-40CE-8EFB-14A1D6790480}.Release|Any CPU.ActiveCfg = Release|Any CPU
		{A90647B2-2520-40CE-8EFB-14A1D6790480}.Release|Any CPU.Build.0 = Release|Any CPU
	EndGlobalSection
	GlobalSection(SolutionProperties) = preSolution
		HideSolutionNode = FALSE
	EndGlobalSection
	GlobalSection(ExtensibilityGlobals) = postSolution
		SolutionGuid = {F1B6973F-6DD7-4821-8F92-B46C6E889C4B}
	EndGlobalSection
EndGlobal
