
Microsoft Visual Studio Solution File, Format Version 12.00
# Visual Studio 2012
Project("{FAE04EC0-301F-11D3-BF4B-00C04F79EFBC}") = "int degişkeni", "int degişkeni\int degişkeni.csproj", "{84AD2638-A2D6-4C7B-98D4-2A9AA3F85C39}"
EndProject
Global
	GlobalSection(SolutionConfigurationPlatforms) = preSolution
		Debug|Any CPU = Debug|Any CPU
		Release|Any CPU = Release|Any CPU
	EndGlobalSection
	GlobalSection(ProjectConfigurationPlatforms) = postSolution
		{84AD2638-A2D6-4C7B-98D4-2A9AA3F85C39}.Debug|Any CPU.ActiveCfg = Debug|Any CPU
		{84AD2638-A2D6-4C7B-98D4-2A9AA3F85C39}.Debug|Any CPU.Build.0 = Debug|Any CPU
		{84AD2638-A2D6-4C7B-98D4-2A9AA3F85C39}.Release|Any CPU.ActiveCfg = Release|Any CPU
		{84AD2638-A2D6-4C7B-98D4-2A9AA3F85C39}.Release|Any CPU.Build.0 = Release|Any CPU
	EndGlobalSection
	GlobalSection(SolutionProperties) = preSolution
		HideSolutionNode = FALSE
	EndGlobalSection
EndGlobal
