
Microsoft Visual Studio Solution File, Format Version 12.00
# Visual Studio Version 16
VisualStudioVersion = 16.0.29025.244
MinimumVisualStudioVersion = 10.0.40219.1
Project("{FAE04EC0-301F-11D3-BF4B-00C04F79EFBC}") = "timer__1", "timer__1\timer__1.csproj", "{C303F6CC-6F27-46D0-B4C3-84E33027B4A5}"
EndProject
Global
	GlobalSection(SolutionConfigurationPlatforms) = preSolution
		Debug|Any CPU = Debug|Any CPU
		Release|Any CPU = Release|Any CPU
	EndGlobalSection
	GlobalSection(ProjectConfigurationPlatforms) = postSolution
		{C303F6CC-6F27-46D0-B4C3-84E33027B4A5}.Debug|Any CPU.ActiveCfg = Debug|Any CPU
		{C303F6CC-6F27-46D0-B4C3-84E33027B4A5}.Debug|Any CPU.Build.0 = Debug|Any CPU
		{C303F6CC-6F27-46D0-B4C3-84E33027B4A5}.Release|Any CPU.ActiveCfg = Release|Any CPU
		{C303F6CC-6F27-46D0-B4C3-84E33027B4A5}.Release|Any CPU.Build.0 = Release|Any CPU
	EndGlobalSection
	GlobalSection(SolutionProperties) = preSolution
		HideSolutionNode = FALSE
	EndGlobalSection
	GlobalSection(ExtensibilityGlobals) = postSolution
		SolutionGuid = {12C6937A-2D94-4651-8617-646D46117F9D}
	EndGlobalSection
EndGlobal
