
Microsoft Visual Studio Solution File, Format Version 12.00
# Visual Studio 2012
Project("{FAE04EC0-301F-11D3-BF4B-00C04F79EFBC}") = "int 5", "int 5\int 5.csproj", "{34F107FE-01E7-4DD8-88E5-2C5F5E0C6685}"
EndProject
Global
	GlobalSection(SolutionConfigurationPlatforms) = preSolution
		Debug|Any CPU = Debug|Any CPU
		Release|Any CPU = Release|Any CPU
	EndGlobalSection
	GlobalSection(ProjectConfigurationPlatforms) = postSolution
		{34F107FE-01E7-4DD8-88E5-2C5F5E0C6685}.Debug|Any CPU.ActiveCfg = Debug|Any CPU
		{34F107FE-01E7-4DD8-88E5-2C5F5E0C6685}.Debug|Any CPU.Build.0 = Debug|Any CPU
		{34F107FE-01E7-4DD8-88E5-2C5F5E0C6685}.Release|Any CPU.ActiveCfg = Release|Any CPU
		{34F107FE-01E7-4DD8-88E5-2C5F5E0C6685}.Release|Any CPU.Build.0 = Release|Any CPU
	EndGlobalSection
	GlobalSection(SolutionProperties) = preSolution
		HideSolutionNode = FALSE
	EndGlobalSection
EndGlobal
