
Microsoft Visual Studio Solution File, Format Version 12.00
# Visual Studio 2012
Project("{FAE04EC0-301F-11D3-BF4B-00C04F79EFBC}") = "double değişkenler egsersiz", "double değişkenler egsersiz\double değişkenler egsersiz.csproj", "{366D7971-14E8-4FAB-B76D-56EA812202E1}"
EndProject
Global
	GlobalSection(SolutionConfigurationPlatforms) = preSolution
		Debug|Any CPU = Debug|Any CPU
		Release|Any CPU = Release|Any CPU
	EndGlobalSection
	GlobalSection(ProjectConfigurationPlatforms) = postSolution
		{366D7971-14E8-4FAB-B76D-56EA812202E1}.Debug|Any CPU.ActiveCfg = Debug|Any CPU
		{366D7971-14E8-4FAB-B76D-56EA812202E1}.Debug|Any CPU.Build.0 = Debug|Any CPU
		{366D7971-14E8-4FAB-B76D-56EA812202E1}.Release|Any CPU.ActiveCfg = Release|Any CPU
		{366D7971-14E8-4FAB-B76D-56EA812202E1}.Release|Any CPU.Build.0 = Release|Any CPU
	EndGlobalSection
	GlobalSection(SolutionProperties) = preSolution
		HideSolutionNode = FALSE
	EndGlobalSection
EndGlobal
