
Microsoft Visual Studio Solution File, Format Version 12.00
# Visual Studio Version 16
VisualStudioVersion = 16.0.29025.244
MinimumVisualStudioVersion = 10.0.40219.1
Project("{FAE04EC0-301F-11D3-BF4B-00C04F79EFBC}") = "operatorler__", "operatorler__\operatorler__.csproj", "{B1473952-892E-4C79-A39A-1BB7E7B54996}"
EndProject
Global
	GlobalSection(SolutionConfigurationPlatforms) = preSolution
		Debug|Any CPU = Debug|Any CPU
		Release|Any CPU = Release|Any CPU
	EndGlobalSection
	GlobalSection(ProjectConfigurationPlatforms) = postSolution
		{B1473952-892E-4C79-A39A-1BB7E7B54996}.Debug|Any CPU.ActiveCfg = Debug|Any CPU
		{B1473952-892E-4C79-A39A-1BB7E7B54996}.Debug|Any CPU.Build.0 = Debug|Any CPU
		{B1473952-892E-4C79-A39A-1BB7E7B54996}.Release|Any CPU.ActiveCfg = Release|Any CPU
		{B1473952-892E-4C79-A39A-1BB7E7B54996}.Release|Any CPU.Build.0 = Release|Any CPU
	EndGlobalSection
	GlobalSection(SolutionProperties) = preSolution
		HideSolutionNode = FALSE
	EndGlobalSection
	GlobalSection(ExtensibilityGlobals) = postSolution
		SolutionGuid = {758BD34D-00D8-41A3-9A81-19BE8A9E118E}
	EndGlobalSection
EndGlobal
