
Microsoft Visual Studio Solution File, Format Version 12.00
# Visual Studio 2012
Project("{FAE04EC0-301F-11D3-BF4B-00C04F79EFBC}") = "değişkenler 4 işlem", "değişkenler 4 işlem\değişkenler 4 işlem.csproj", "{83765CA7-C1DA-4B22-ACE6-62E4F84821D9}"
EndProject
Global
	GlobalSection(SolutionConfigurationPlatforms) = preSolution
		Debug|Any CPU = Debug|Any CPU
		Release|Any CPU = Release|Any CPU
	EndGlobalSection
	GlobalSection(ProjectConfigurationPlatforms) = postSolution
		{83765CA7-C1DA-4B22-ACE6-62E4F84821D9}.Debug|Any CPU.ActiveCfg = Debug|Any CPU
		{83765CA7-C1DA-4B22-ACE6-62E4F84821D9}.Debug|Any CPU.Build.0 = Debug|Any CPU
		{83765CA7-C1DA-4B22-ACE6-62E4F84821D9}.Release|Any CPU.ActiveCfg = Release|Any CPU
		{83765CA7-C1DA-4B22-ACE6-62E4F84821D9}.Release|Any CPU.Build.0 = Release|Any CPU
	EndGlobalSection
	GlobalSection(SolutionProperties) = preSolution
		HideSolutionNode = FALSE
	EndGlobalSection
EndGlobal
