
Microsoft Visual Studio Solution File, Format Version 12.00
# Visual Studio Version 16
VisualStudioVersion = 16.0.29025.244
MinimumVisualStudioVersion = 10.0.40219.1
Project("{FAE04EC0-301F-11D3-BF4B-00C04F79EFBC}") = "operatorler__5", "operatorler__5\operatorler__5.csproj", "{92EBE57C-8BC3-47CC-9BEA-D6AF9F59D4DE}"
EndProject
Global
	GlobalSection(SolutionConfigurationPlatforms) = preSolution
		Debug|Any CPU = Debug|Any CPU
		Release|Any CPU = Release|Any CPU
	EndGlobalSection
	GlobalSection(ProjectConfigurationPlatforms) = postSolution
		{92EBE57C-8BC3-47CC-9BEA-D6AF9F59D4DE}.Debug|Any CPU.ActiveCfg = Debug|Any CPU
		{92EBE57C-8BC3-47CC-9BEA-D6AF9F59D4DE}.Debug|Any CPU.Build.0 = Debug|Any CPU
		{92EBE57C-8BC3-47CC-9BEA-D6AF9F59D4DE}.Release|Any CPU.ActiveCfg = Release|Any CPU
		{92EBE57C-8BC3-47CC-9BEA-D6AF9F59D4DE}.Release|Any CPU.Build.0 = Release|Any CPU
	EndGlobalSection
	GlobalSection(SolutionProperties) = preSolution
		HideSolutionNode = FALSE
	EndGlobalSection
	GlobalSection(ExtensibilityGlobals) = postSolution
		SolutionGuid = {E6974828-091B-4C87-8A67-F536EC6DE9F6}
	EndGlobalSection
EndGlobal
