
Microsoft Visual Studio Solution File, Format Version 12.00
# Visual Studio Version 16
VisualStudioVersion = 16.0.29025.244
MinimumVisualStudioVersion = 10.0.40219.1
Project("{FAE04EC0-301F-11D3-BF4B-00C04F79EFBC}") = "menu_strip", "menu_strip\menu_strip.csproj", "{32B35B19-094B-43DD-A430-78618EB56B9E}"
EndProject
Global
	GlobalSection(SolutionConfigurationPlatforms) = preSolution
		Debug|Any CPU = Debug|Any CPU
		Release|Any CPU = Release|Any CPU
	EndGlobalSection
	GlobalSection(ProjectConfigurationPlatforms) = postSolution
		{32B35B19-094B-43DD-A430-78618EB56B9E}.Debug|Any CPU.ActiveCfg = Debug|Any CPU
		{32B35B19-094B-43DD-A430-78618EB56B9E}.Debug|Any CPU.Build.0 = Debug|Any CPU
		{32B35B19-094B-43DD-A430-78618EB56B9E}.Release|Any CPU.ActiveCfg = Release|Any CPU
		{32B35B19-094B-43DD-A430-78618EB56B9E}.Release|Any CPU.Build.0 = Release|Any CPU
	EndGlobalSection
	GlobalSection(SolutionProperties) = preSolution
		HideSolutionNode = FALSE
	EndGlobalSection
	GlobalSection(ExtensibilityGlobals) = postSolution
		SolutionGuid = {6E37E1C7-9A19-4592-B57C-BF4CB43ADA73}
	EndGlobalSection
EndGlobal
