
Microsoft Visual Studio Solution File, Format Version 12.00
# Visual Studio Version 16
VisualStudioVersion = 16.0.29025.244
MinimumVisualStudioVersion = 10.0.40219.1
Project("{FAE04EC0-301F-11D3-BF4B-00C04F79EFBC}") = "swiıtch_case2", "swiıtch_case2\swiıtch_case2.csproj", "{55ADE54E-B356-4DD9-B4F2-B81BCD6258D1}"
EndProject
Global
	GlobalSection(SolutionConfigurationPlatforms) = preSolution
		Debug|Any CPU = Debug|Any CPU
		Release|Any CPU = Release|Any CPU
	EndGlobalSection
	GlobalSection(ProjectConfigurationPlatforms) = postSolution
		{55ADE54E-B356-4DD9-B4F2-B81BCD6258D1}.Debug|Any CPU.ActiveCfg = Debug|Any CPU
		{55ADE54E-B356-4DD9-B4F2-B81BCD6258D1}.Debug|Any CPU.Build.0 = Debug|Any CPU
		{55ADE54E-B356-4DD9-B4F2-B81BCD6258D1}.Release|Any CPU.ActiveCfg = Release|Any CPU
		{55ADE54E-B356-4DD9-B4F2-B81BCD6258D1}.Release|Any CPU.Build.0 = Release|Any CPU
	EndGlobalSection
	GlobalSection(SolutionProperties) = preSolution
		HideSolutionNode = FALSE
	EndGlobalSection
	GlobalSection(ExtensibilityGlobals) = postSolution
		SolutionGuid = {0CA85282-43D4-47D2-AE54-7E29492485D6}
	EndGlobalSection
EndGlobal
