
Microsoft Visual Studio Solution File, Format Version 12.00
# Visual Studio Version 16
VisualStudioVersion = 16.0.29025.244
MinimumVisualStudioVersion = 10.0.40219.1
Project("{FAE04EC0-301F-11D3-BF4B-00C04F79EFBC}") = "dinamik_araçlar", "dinamik_araçlar\dinamik_araçlar.csproj", "{F6BAA04A-0311-483E-BE40-0508DC245CEA}"
EndProject
Global
	GlobalSection(SolutionConfigurationPlatforms) = preSolution
		Debug|Any CPU = Debug|Any CPU
		Release|Any CPU = Release|Any CPU
	EndGlobalSection
	GlobalSection(ProjectConfigurationPlatforms) = postSolution
		{F6BAA04A-0311-483E-BE40-0508DC245CEA}.Debug|Any CPU.ActiveCfg = Debug|Any CPU
		{F6BAA04A-0311-483E-BE40-0508DC245CEA}.Debug|Any CPU.Build.0 = Debug|Any CPU
		{F6BAA04A-0311-483E-BE40-0508DC245CEA}.Release|Any CPU.ActiveCfg = Release|Any CPU
		{F6BAA04A-0311-483E-BE40-0508DC245CEA}.Release|Any CPU.Build.0 = Release|Any CPU
	EndGlobalSection
	GlobalSection(SolutionProperties) = preSolution
		HideSolutionNode = FALSE
	EndGlobalSection
	GlobalSection(ExtensibilityGlobals) = postSolution
		SolutionGuid = {A102FCB3-CA87-4964-A1F1-1E60D10B2B2F}
	EndGlobalSection
EndGlobal
